// !$*UTF8*$!
{
	archiveVersion = 1;
	classes = {
	};
	objectVersion = 77;
	objects = {

/* Begin PBXContainerItemProxy section */
		12FBD3902DDAC227006E83A7 /* PBXContainerItemProxy */ = {
			isa = PBXContainerItemProxy;
			containerPortal = 12FBD3772DDAC225006E83A7 /* Project object */;
			proxyType = 1;
			remoteGlobalIDString = 12FBD37E2DDAC225006E83A7;
			remoteInfo = CityApp;
		};
		12FBD39A2DDAC227006E83A7 /* PBXContainerItemProxy */ = {
			isa = PBXContainerItemProxy;
			containerPortal = 12FBD3772DDAC225006E83A7 /* Project object */;
			proxyType = 1;
			remoteGlobalIDString = 12FBD37E2DDAC225006E83A7;
			remoteInfo = CityApp;
		};
/* End PBXContainerItemProxy section */

/* Begin PBXFileReference section */
		12FBD37F2DDAC225006E83A7 /* CityApp.app */ = {isa = PBXFileReference; explicitFileType = wrapper.application; includeInIndex = 0; path = CityApp.app; sourceTree = BUILT_PRODUCTS_DIR; };
		12FBD38F2DDAC227006E83A7 /* CityAppTests.xctest */ = {isa = PBXFileReference; explicitFileType = wrapper.cfbundle; includeInIndex = 0; path = CityAppTests.xctest; sourceTree = BUILT_PRODUCTS_DIR; };
		12FBD3992DDAC227006E83A7 /* CityAppUITests.xctest */ = {isa = PBXFileReference; explicitFileType = wrapper.cfbundle; includeInIndex = 0; path = CityAppUITests.xctest; sourceTree = BUILT_PRODUCTS_DIR; };
/* End PBXFileReference section */

/* Begin PBXFileSystemSynchronizedBuildFileExceptionSet section */
		12FBD3B52DDAC3C6006E83A7 /* Exceptions for "CityApp" folder in "CityApp" target */ = {
			isa = PBXFileSystemSynchronizedBuildFileExceptionSet;
			membershipExceptions = (
				Info.plist,
			);
			target = 12FBD37E2DDAC225006E83A7 /* CityApp */;
		};
/* End PBXFileSystemSynchronizedBuildFileExceptionSet section */

/* Begin PBXFileSystemSynchronizedRootGroup section */
		12FBD3812DDAC225006E83A7 /* CityApp */ = {
			isa = PBXFileSystemSynchronizedRootGroup;
			exceptions = (
				12FBD3B52DDAC3C6006E83A7 /* Exceptions for "CityApp" folder in "CityApp" target */,
			);
			path = CityApp;
			sourceTree = "<group>";
		};
		12FBD3922DDAC227006E83A7 /* CityAppTests */ = {
			isa = PBXFileSystemSynchronizedRootGroup;
			path = CityAppTests;
			sourceTree = "<group>";
		};
		12FBD39C2DDAC227006E83A7 /* CityAppUITests */ = {
			isa = PBXFileSystemSynchronizedRootGroup;
			path = CityAppUITests;
			sourceTree = "<group>";
		};
/* End PBXFileSystemSynchronizedRootGroup section */

/* Begin PBXFrameworksBuildPhase section */
		12FBD37C2DDAC225006E83A7 /* Frameworks */ = {
			isa = PBXFrameworksBuildPhase;
			buildActionMask = 2147483647;
			files = (
			);
			runOnlyForDeploymentPostprocessing = 0;
		};
		12FBD38C2DDAC227006E83A7 /* Frameworks */ = {
			isa = PBXFrameworksBuildPhase;
			buildActionMask = 2147483647;
			files = (
			);
			runOnlyForDeploymentPostprocessing = 0;
		};
		12FBD3962DDAC227006E83A7 /* Frameworks */ = {
			isa = PBXFrameworksBuildPhase;
			buildActionMask = 2147483647;
			files = (
			);
			runOnlyForDeploymentPostprocessing = 0;
		};
/* End PBXFrameworksBuildPhase section */

/* Begin PBXGroup section */
		12FBD3762DDAC225006E83A7 = {
			isa = PBXGroup;
			children = (
				12FBD3812DDAC225006E83A7 /* CityApp */,
				12FBD3922DDAC227006E83A7 /* CityAppTests */,
				12FBD39C2DDAC227006E83A7 /* CityAppUITests */,
				12FBD3802DDAC225006E83A7 /* Products */,
			);
			sourceTree = "<group>";
		};
		12FBD3802DDAC225006E83A7 /* Products */ = {
			isa = PBXGroup;
			children = (
				12FBD37F2DDAC225006E83A7 /* CityApp.app */,
				12FBD38F2DDAC227006E83A7 /* CityAppTests.xctest */,
				12FBD3992DDAC227006E83A7 /* CityAppUITests.xctest */,
			);
			name = Products;
			sourceTree = "<group>";
		};
/* End PBXGroup section */

/* Begin PBXNativeTarget section */
		12FBD37E2DDAC225006E83A7 /* CityApp */ = {
			isa = PBXNativeTarget;
			buildConfigurationList = 12FBD3A32DDAC227006E83A7 /* Build configuration list for PBXNativeTarget "CityApp" */;
			buildPhases = (
				12FBD37B2DDAC225006E83A7 /* Sources */,
				12FBD37C2DDAC225006E83A7 /* Frameworks */,
				12FBD37D2DDAC225006E83A7 /* Resources */,
			);
			buildRules = (
			);
			dependencies = (
			);
			fileSystemSynchronizedGroups = (
				12FBD3812DDAC225006E83A7 /* CityApp */,
			);
			name = CityApp;
			packageProductDependencies = (
			);
			productName = CityApp;
			productReference = 12FBD37F2DDAC225006E83A7 /* CityApp.app */;
			productType = "com.apple.product-type.application";
		};
		12FBD38E2DDAC227006E83A7 /* CityAppTests */ = {
			isa = PBXNativeTarget;
			buildConfigurationList = 12FBD3A62DDAC227006E83A7 /* Build configuration list for PBXNativeTarget "CityAppTests" */;
			buildPhases = (
				12FBD38B2DDAC227006E83A7 /* Sources */,
				12FBD38C2DDAC227006E83A7 /* Frameworks */,
				12FBD38D2DDAC227006E83A7 /* Resources */,
			);
			buildRules = (
			);
			dependencies = (
				12FBD3912DDAC227006E83A7 /* PBXTargetDependency */,
			);
			fileSystemSynchronizedGroups = (
				12FBD3922DDAC227006E83A7 /* CityAppTests */,
			);
			name = CityAppTests;
			packageProductDependencies = (
			);
			productName = CityAppTests;
			productReference = 12FBD38F2DDAC227006E83A7 /* CityAppTests.xctest */;
			productType = "com.apple.product-type.bundle.unit-test";
		};
		12FBD3982DDAC227006E83A7 /* CityAppUITests */ = {
			isa = PBXNativeTarget;
			buildConfigurationList = 12FBD3A92DDAC227006E83A7 /* Build configuration list for PBXNativeTarget "CityAppUITests" */;
			buildPhases = (
				12FBD3952DDAC227006E83A7 /* Sources */,
				12FBD3962DDAC227006E83A7 /* Frameworks */,
				12FBD3972DDAC227006E83A7 /* Resources */,
			);
			buildRules = (
			);
			dependencies = (
				12FBD39B2DDAC227006E83A7 /* PBXTargetDependency */,
			);
			fileSystemSynchronizedGroups = (
				12FBD39C2DDAC227006E83A7 /* CityAppUITests */,
			);
			name = CityAppUITests;
			packageProductDependencies = (
			);
			productName = CityAppUITests;
			productReference = 12FBD3992DDAC227006E83A7 /* CityAppUITests.xctest */;
			productType = "com.apple.product-type.bundle.ui-testing";
		};
/* End PBXNativeTarget section */

/* Begin PBXProject section */
		12FBD3772DDAC225006E83A7 /* Project object */ = {
			isa = PBXProject;
			attributes = {
				BuildIndependentTargetsInParallel = 1;
				LastSwiftUpdateCheck = 1620;
				LastUpgradeCheck = 1620;
				TargetAttributes = {
					12FBD37E2DDAC225006E83A7 = {
						CreatedOnToolsVersion = 16.2;
					};
					12FBD38E2DDAC227006E83A7 = {
						CreatedOnToolsVersion = 16.2;
						TestTargetID = 12FBD37E2DDAC225006E83A7;
					};
					12FBD3982DDAC227006E83A7 = {
						CreatedOnToolsVersion = 16.2;
						TestTargetID = 12FBD37E2DDAC225006E83A7;
					};
				};
			};
			buildConfigurationList = 12FBD37A2DDAC225006E83A7 /* Build configuration list for PBXProject "CityApp" */;
			developmentRegion = en;
			hasScannedForEncodings = 0;
			knownRegions = (
				en,
				Base,
			);
			mainGroup = 12FBD3762DDAC225006E83A7;
			minimizedProjectReferenceProxies = 1;
			preferredProjectObjectVersion = 77;
			productRefGroup = 12FBD3802DDAC225006E83A7 /* Products */;
			projectDirPath = "";
			projectRoot = "";
			targets = (
				12FBD37E2DDAC225006E83A7 /* CityApp */,
				12FBD38E2DDAC227006E83A7 /* CityAppTests */,
				12FBD3982DDAC227006E83A7 /* CityAppUITests */,
			);
		};
/* End PBXProject section */

/* Begin PBXResourcesBuildPhase section */
		12FBD37D2DDAC225006E83A7 /* Resources */ = {
			isa = PBXResourcesBuildPhase;
			buildActionMask = 2147483647;
			files = (
			);
			runOnlyForDeploymentPostprocessing = 0;
		};
		12FBD38D2DDAC227006E83A7 /* Resources */ = {
			isa = PBXResourcesBuildPhase;
			buildActionMask = 2147483647;
			files = (
			);
			runOnlyForDeploymentPostprocessing = 0;
		};
		12FBD3972DDAC227006E83A7 /* Resources */ = {
			isa = PBXResourcesBuildPhase;
			buildActionMask = 2147483647;
			files = (
			);
			runOnlyForDeploymentPostprocessing = 0;
		};
/* End PBXResourcesBuildPhase section */

/* Begin PBXSourcesBuildPhase section */
		12FBD37B2DDAC225006E83A7 /* Sources */ = {
			isa = PBXSourcesBuildPhase;
			buildActionMask = 2147483647;
			files = (
			);
			runOnlyForDeploymentPostprocessing = 0;
		};
		12FBD38B2DDAC227006E83A7 /* Sources */ = {
			isa = PBXSourcesBuildPhase;
			buildActionMask = 2147483647;
			files = (
			);
			runOnlyForDeploymentPostprocessing = 0;
		};
		12FBD3952DDAC227006E83A7 /* Sources */ = {
			isa = PBXSourcesBuildPhase;
			buildActionMask = 2147483647;
			files = (
			);
			runOnlyForDeploymentPostprocessing = 0;
		};
/* End PBXSourcesBuildPhase section */

/* Begin PBXTargetDependency section */
		12FBD3912DDAC227006E83A7 /* PBXTargetDependency */ = {
			isa = PBXTargetDependency;
			target = 12FBD37E2DDAC225006E83A7 /* CityApp */;
			targetProxy = 12FBD3902DDAC227006E83A7 /* PBXContainerItemProxy */;
		};
		12FBD39B2DDAC227006E83A7 /* PBXTargetDependency */ = {
			isa = PBXTargetDependency;
			target = 12FBD37E2DDAC225006E83A7 /* CityApp */;
			targetProxy = 12FBD39A2DDAC227006E83A7 /* PBXContainerItemProxy */;
		};
/* End PBXTargetDependency section */

/* Begin XCBuildConfiguration section */
		12FBD3A12DDAC227006E83A7 /* Debug */ = {
			isa = XCBuildConfiguration;
			buildSettings = {
				ALWAYS_SEARCH_USER_PATHS = NO;
				ASSETCATALOG_COMPILER_GENERATE_SWIFT_ASSET_SYMBOL_EXTENSIONS = YES;
				CLANG_ANALYZER_NONNULL = YES;
				CLANG_ANALYZER_NUMBER_OBJECT_CONVERSION = YES_AGGRESSIVE;
				CLANG_CXX_LANGUAGE_STANDARD = "gnu++20";
				CLANG_ENABLE_MODULES = YES;
				CLANG_ENABLE_OBJC_ARC = YES;
				CLANG_ENABLE_OBJC_WEAK = YES;
				CLANG_WARN_BLOCK_CAPTURE_AUTORELEASING = YES;
				CLANG_WARN_BOOL_CONVERSION = YES;
				CLANG_WARN_COMMA = YES;
				CLANG_WARN_CONSTANT_CONVERSION = YES;
				CLANG_WARN_DEPRECATED_OBJC_IMPLEMENTATIONS = YES;
				CLANG_WARN_DIRECT_OBJC_ISA_USAGE = YES_ERROR;
				CLANG_WARN_DOCUMENTATION_COMMENTS = YES;
				CLANG_WARN_EMPTY_BODY = YES;
				CLANG_WARN_ENUM_CONVERSION = YES;
				CLANG_WARN_INFINITE_RECURSION = YES;
				CLANG_WARN_INT_CONVERSION = YES;
				CLANG_WARN_NON_LITERAL_NULL_CONVERSION = YES;
				CLANG_WARN_OBJC_IMPLICIT_RETAIN_SELF = YES;
				CLANG_WARN_OBJC_LITERAL_CONVERSION = YES;
				CLANG_WARN_OBJC_ROOT_CLASS = YES_ERROR;
				CLANG_WARN_QUOTED_INCLUDE_IN_FRAMEWORK_HEADER = YES;
				CLANG_WARN_RANGE_LOOP_ANALYSIS = YES;
				CLANG_WARN_STRICT_PROTOTYPES = YES;
				CLANG_WARN_SUSPICIOUS_MOVE = YES;
				CLANG_WARN_UNGUARDED_AVAILABILITY = YES_AGGRESSIVE;
				CLANG_WARN_UNREACHABLE_CODE = YES;
				CLANG_WARN__DUPLICATE_METHOD_MATCH = YES;
				COPY_PHASE_STRIP = NO;
				DEBUG_INFORMATION_FORMAT = dwarf;
				ENABLE_STRICT_OBJC_MSGSEND = YES;
				ENABLE_TESTABILITY = YES;
				ENABLE_USER_SCRIPT_SANDBOXING = YES;
				GCC_C_LANGUAGE_STANDARD = gnu17;
				GCC_DYNAMIC_NO_PIC = NO;
				GCC_NO_COMMON_BLOCKS = YES;
				GCC_OPTIMIZATION_LEVEL = 0;
				GCC_PREPROCESSOR_DEFINITIONS = (
					"DEBUG=1",
					"$(inherited)",
				);
				GCC_WARN_64_TO_32_BIT_CONVERSION = YES;
				GCC_WARN_ABOUT_RETURN_TYPE = YES_ERROR;
				GCC_WARN_UNDECLARED_SELECTOR = YES;
				GCC_WARN_UNINITIALIZED_AUTOS = YES_AGGRESSIVE;
				GCC_WARN_UNUSED_FUNCTION = YES;
				GCC_WARN_UNUSED_VARIABLE = YES;
				IPHONEOS_DEPLOYMENT_TARGET = 18.2;
				LOCALIZATION_PREFERS_STRING_CATALOGS = YES;
				MTL_ENABLE_DEBUG_INFO = INCLUDE_SOURCE;
				MTL_FAST_MATH = YES;
				ONLY_ACTIVE_ARCH = YES;
				SDKROOT = iphoneos;
				SWIFT_ACTIVE_COMPILATION_CONDITIONS = "DEBUG $(inherited)";
				SWIFT_OPTIMIZATION_LEVEL = "-Onone";
			};
			name = Debug;
		};
		12FBD3A22DDAC227006E83A7 /* Release */ = {
			isa = XCBuildConfiguration;
			buildSettings = {
				ALWAYS_SEARCH_USER_PATHS = NO;
				ASSETCATALOG_COMPILER_GENERATE_SWIFT_ASSET_SYMBOL_EXTENSIONS = YES;
				CLANG_ANALYZER_NONNULL = YES;
				CLANG_ANALYZER_NUMBER_OBJECT_CONVERSION = YES_AGGRESSIVE;
				CLANG_CXX_LANGUAGE_STANDARD = "gnu++20";
				CLANG_ENABLE_MODULES = YES;
				CLANG_ENABLE_OBJC_ARC = YES;
				CLANG_ENABLE_OBJC_WEAK = YES;
				CLANG_WARN_BLOCK_CAPTURE_AUTORELEASING = YES;
				CLANG_WARN_BOOL_CONVERSION = YES;
				CLANG_WARN_COMMA = YES;
				CLANG_WARN_CONSTANT_CONVERSION = YES;
				CLANG_WARN_DEPRECATED_OBJC_IMPLEMENTATIONS = YES;
				CLANG_WARN_DIRECT_OBJC_ISA_USAGE = YES_ERROR;
				CLANG_WARN_DOCUMENTATION_COMMENTS = YES;
				CLANG_WARN_EMPTY_BODY = YES;
				CLANG_WARN_ENUM_CONVERSION = YES;
				CLANG_WARN_INFINITE_RECURSION = YES;
				CLANG_WARN_INT_CONVERSION = YES;
				CLANG_WARN_NON_LITERAL_NULL_CONVERSION = YES;
				CLANG_WARN_OBJC_IMPLICIT_RETAIN_SELF = YES;
				CLANG_WARN_OBJC_LITERAL_CONVERSION = YES;
				CLANG_WARN_OBJC_ROOT_CLASS = YES_ERROR;
				CLANG_WARN_QUOTED_INCLUDE_IN_FRAMEWORK_HEADER = YES;
				CLANG_WARN_RANGE_LOOP_ANALYSIS = YES;
				CLANG_WARN_STRICT_PROTOTYPES = YES;
				CLANG_WARN_SUSPICIOUS_MOVE = YES;
				CLANG_WARN_UNGUARDED_AVAILABILITY = YES_AGGRESSIVE;
				CLANG_WARN_UNREACHABLE_CODE = YES;
				CLANG_WARN__DUPLICATE_METHOD_MATCH = YES;
				COPY_PHASE_STRIP = NO;
				DEBUG_INFORMATION_FORMAT = "dwarf-with-dsym";
				ENABLE_NS_ASSERTIONS = NO;
				ENABLE_STRICT_OBJC_MSGSEND = YES;
				ENABLE_USER_SCRIPT_SANDBOXING = YES;
				GCC_C_LANGUAGE_STANDARD = gnu17;
				GCC_NO_COMMON_BLOCKS = YES;
				GCC_WARN_64_TO_32_BIT_CONVERSION = YES;
				GCC_WARN_ABOUT_RETURN_TYPE = YES_ERROR;
				GCC_WARN_UNDECLARED_SELECTOR = YES;
				GCC_WARN_UNINITIALIZED_AUTOS = YES_AGGRESSIVE;
				GCC_WARN_UNUSED_FUNCTION = YES;
				GCC_WARN_UNUSED_VARIABLE = YES;
				IPHONEOS_DEPLOYMENT_TARGET = 18.2;
				LOCALIZATION_PREFERS_STRING_CATALOGS = YES;
				MTL_ENABLE_DEBUG_INFO = NO;
				MTL_FAST_MATH = YES;
				SDKROOT = iphoneos;
				SWIFT_COMPILATION_MODE = wholemodule;
				VALIDATE_PRODUCT = YES;
			};
			name = Release;
		};
		12FBD3A42DDAC227006E83A7 /* Debug */ = {
			isa = XCBuildConfiguration;
			buildSettings = {
				ASSETCATALOG_COMPILER_APPICON_NAME = AppIcon;
				ASSETCATALOG_COMPILER_GLOBAL_ACCENT_COLOR_NAME = AccentColor;
				CODE_SIGN_STYLE = Automatic;
				CURRENT_PROJECT_VERSION = 1;
				DEVELOPMENT_ASSET_PATHS = "\"CityApp/Preview Content\"";
				DEVELOPMENT_TEAM = 55RYFP433A;
				ENABLE_PREVIEWS = YES;
				GENERATE_INFOPLIST_FILE = YES;
				INFOPLIST_FILE = CityApp/Info.plist;
				INFOPLIST_KEY_UIApplicationSceneManifest_Generation = YES;
				INFOPLIST_KEY_UIApplicationSupportsIndirectInputEvents = YES;
				INFOPLIST_KEY_UILaunchScreen_Generation = YES;
				INFOPLIST_KEY_UISupportedInterfaceOrientations_iPad = "UIInterfaceOrientationPortrait UIInterfaceOrientationPortraitUpsideDown UIInterfaceOrientationLandscapeLeft UIInterfaceOrientationLandscapeRight";
				INFOPLIST_KEY_UISupportedInterfaceOrientations_iPhone = "UIInterfaceOrientationPortrait UIInterfaceOrientationLandscapeLeft UIInterfaceOrientationLandscapeRight";
				LD_RUNPATH_SEARCH_PATHS = (
					"$(inherited)",
					"@executable_path/Frameworks",
				);
				MARKETING_VERSION = 1.0;
				PRODUCT_BUNDLE_IDENTIFIER = c.CityApp;
				PRODUCT_NAME = "$(TARGET_NAME)";
				SWIFT_EMIT_LOC_STRINGS = YES;
				SWIFT_VERSION = 5.0;
				TARGETED_DEVICE_FAMILY = "1,2";
			};
			name = Debug;
		};
		12FBD3A52DDAC227006E83A7 /* Release */ = {
			isa = XCBuildConfiguration;
			buildSettings = {
				ASSETCATALOG_COMPILER_APPICON_NAME = AppIcon;
				ASSETCATALOG_COMPILER_GLOBAL_ACCENT_COLOR_NAME = AccentColor;
				CODE_SIGN_STYLE = Automatic;
				CURRENT_PROJECT_VERSION = 1;
				DEVELOPMENT_ASSET_PATHS = "\"CityApp/Preview Content\"";
				DEVELOPMENT_TEAM = 55RYFP433A;
				ENABLE_PREVIEWS = YES;
				GENERATE_INFOPLIST_FILE = YES;
				INFOPLIST_FILE = CityApp/Info.plist;
				INFOPLIST_KEY_UIApplicationSceneManifest_Generation = YES;
				INFOPLIST_KEY_UIApplicationSupportsIndirectInputEvents = YES;
				INFOPLIST_KEY_UILaunchScreen_Generation = YES;
				INFOPLIST_KEY_UISupportedInterfaceOrientations_iPad = "UIInterfaceOrientationPortrait UIInterfaceOrientationPortraitUpsideDown UIInterfaceOrientationLandscapeLeft UIInterfaceOrientationLandscapeRight";
				INFOPLIST_KEY_UISupportedInterfaceOrientations_iPhone = "UIInterfaceOrientationPortrait UIInterfaceOrientationLandscapeLeft UIInterfaceOrientationLandscapeRight";
				LD_RUNPATH_SEARCH_PATHS = (
					"$(inherited)",
					"@executable_path/Frameworks",
				);
				MARKETING_VERSION = 1.0;
				PRODUCT_BUNDLE_IDENTIFIER = c.CityApp;
				PRODUCT_NAME = "$(TARGET_NAME)";
				SWIFT_EMIT_LOC_STRINGS = YES;
				SWIFT_VERSION = 5.0;
				TARGETED_DEVICE_FAMILY = "1,2";
			};
			name = Release;
		};
		12FBD3A72DDAC227006E83A7 /* Debug */ = {
			isa = XCBuildConfiguration;
			buildSettings = {
				BUNDLE_LOADER = "$(TEST_HOST)";
				CODE_SIGN_STYLE = Automatic;
				CURRENT_PROJECT_VERSION = 1;
				DEVELOPMENT_TEAM = 55RYFP433A;
				GENERATE_INFOPLIST_FILE = YES;
				IPHONEOS_DEPLOYMENT_TARGET = 18.2;
				MARKETING_VERSION = 1.0;
				PRODUCT_BUNDLE_IDENTIFIER = c.CityAppTests;
				PRODUCT_NAME = "$(TARGET_NAME)";
				SWIFT_EMIT_LOC_STRINGS = NO;
				SWIFT_VERSION = 5.0;
				TARGETED_DEVICE_FAMILY = "1,2";
				TEST_HOST = "$(BUILT_PRODUCTS_DIR)/CityApp.app/$(BUNDLE_EXECUTABLE_FOLDER_PATH)/CityApp";
			};
			name = Debug;
		};
		12FBD3A82DDAC227006E83A7 /* Release */ = {
			isa = XCBuildConfiguration;
			buildSettings = {
				BUNDLE_LOADER = "$(TEST_HOST)";
				CODE_SIGN_STYLE = Automatic;
				CURRENT_PROJECT_VERSION = 1;
				DEVELOPMENT_TEAM = 55RYFP433A;
				GENERATE_INFOPLIST_FILE = YES;
				IPHONEOS_DEPLOYMENT_TARGET = 18.2;
				MARKETING_VERSION = 1.0;
				PRODUCT_BUNDLE_IDENTIFIER = c.CityAppTests;
				PRODUCT_NAME = "$(TARGET_NAME)";
				SWIFT_EMIT_LOC_STRINGS = NO;
				SWIFT_VERSION = 5.0;
				TARGETED_DEVICE_FAMILY = "1,2";
				TEST_HOST = "$(BUILT_PRODUCTS_DIR)/CityApp.app/$(BUNDLE_EXECUTABLE_FOLDER_PATH)/CityApp";
			};
			name = Release;
		};
		12FBD3AA2DDAC227006E83A7 /* Debug */ = {
			isa = XCBuildConfiguration;
			buildSettings = {
				CODE_SIGN_STYLE = Automatic;
				CURRENT_PROJECT_VERSION = 1;
				DEVELOPMENT_TEAM = 55RYFP433A;
				GENERATE_INFOPLIST_FILE = YES;
				MARKETING_VERSION = 1.0;
				PRODUCT_BUNDLE_IDENTIFIER = c.CityAppUITests;
				PRODUCT_NAME = "$(TARGET_NAME)";
				SWIFT_EMIT_LOC_STRINGS = NO;
				SWIFT_VERSION = 5.0;
				TARGETED_DEVICE_FAMILY = "1,2";
				TEST_TARGET_NAME = CityApp;
			};
			name = Debug;
		};
		12FBD3AB2DDAC227006E83A7 /* Release */ = {
			isa = XCBuildConfiguration;
			buildSettings = {
				CODE_SIGN_STYLE = Automatic;
				CURRENT_PROJECT_VERSION = 1;
				DEVELOPMENT_TEAM = 55RYFP433A;
				GENERATE_INFOPLIST_FILE = YES;
				MARKETING_VERSION = 1.0;
				PRODUCT_BUNDLE_IDENTIFIER = c.CityAppUITests;
				PRODUCT_NAME = "$(TARGET_NAME)";
				SWIFT_EMIT_LOC_STRINGS = NO;
				SWIFT_VERSION = 5.0;
				TARGETED_DEVICE_FAMILY = "1,2";
				TEST_TARGET_NAME = CityApp;
			};
			name = Release;
		};
/* End XCBuildConfiguration section */

/* Begin XCConfigurationList section */
		12FBD37A2DDAC225006E83A7 /* Build configuration list for PBXProject "CityApp" */ = {
			isa = XCConfigurationList;
			buildConfigurations = (
				12FBD3A12DDAC227006E83A7 /* Debug */,
				12FBD3A22DDAC227006E83A7 /* Release */,
			);
			defaultConfigurationIsVisible = 0;
			defaultConfigurationName = Release;
		};
		12FBD3A32DDAC227006E83A7 /* Build configuration list for PBXNativeTarget "CityApp" */ = {
			isa = XCConfigurationList;
			buildConfigurations = (
				12FBD3A42DDAC227006E83A7 /* Debug */,
				12FBD3A52DDAC227006E83A7 /* Release */,
			);
			defaultConfigurationIsVisible = 0;
			defaultConfigurationName = Release;
		};
		12FBD3A62DDAC227006E83A7 /* Build configuration list for PBXNativeTarget "CityAppTests" */ = {
			isa = XCConfigurationList;
			buildConfigurations = (
				12FBD3A72DDAC227006E83A7 /* Debug */,
				12FBD3A82DDAC227006E83A7 /* Release */,
			);
			defaultConfigurationIsVisible = 0;
			defaultConfigurationName = Release;
		};
		12FBD3A92DDAC227006E83A7 /* Build configuration list for PBXNativeTarget "CityAppUITests" */ = {
			isa = XCConfigurationList;
			buildConfigurations = (
				12FBD3AA2DDAC227006E83A7 /* Debug */,
				12FBD3AB2DDAC227006E83A7 /* Release */,
			);
			defaultConfigurationIsVisible = 0;
			defaultConfigurationName = Release;
		};
/* End XCConfigurationList section */
	};
	rootObject = 12FBD3772DDAC225006E83A7 /* Project object */;
}
